
Microsoft Visual Studio Solution File, Format Version 12.00
# Visual Studio Version 17
VisualStudioVersion = 17.2.32616.157
MinimumVisualStudioVersion = 10.0.40219.1
Project("{9A19103F-16F7-4668-BE54-9A1E7A4F7556}") = "WebDashboard", "WebDashboardInterceptors\WebDashboard.csproj", "{65F1C97A-A0C5-48E9-918B-737D00414E6F}"
EndProject
Global
	GlobalSection(SolutionConfigurationPlatforms) = preSolution
		Debug|Any CPU = Debug|Any CPU
		Release|Any CPU = Release|Any CPU
	EndGlobalSection
	GlobalSection(ProjectConfigurationPlatforms) = postSolution
		{65F1C97A-A0C5-48E9-918B-737D00414E6F}.Debug|Any CPU.ActiveCfg = Debug|Any CPU
		{65F1C97A-A0C5-48E9-918B-737D00414E6F}.Debug|Any CPU.Build.0 = Debug|Any CPU
		{65F1C97A-A0C5-48E9-918B-737D00414E6F}.Release|Any CPU.ActiveCfg = Release|Any CPU
		{65F1C97A-A0C5-48E9-918B-737D00414E6F}.Release|Any CPU.Build.0 = Release|Any CPU
	EndGlobalSection
	GlobalSection(SolutionProperties) = preSolution
		HideSolutionNode = FALSE
	EndGlobalSection
	GlobalSection(ExtensibilityGlobals) = postSolution
		SolutionGuid = {03A6CCF9-1487-4117-8D98-9BBDFFE3C768}
	EndGlobalSection
EndGlobal
